
Microsoft Visual Studio Solution File, Format Version 12.00
Project("{FAE04EC0-301F-11D3-BF4B-00C04F79EFBC}") = "L4d2ServerQuery", "L4d2ServerQuery\L4d2ServerQuery.csproj", "{797D2B9E-5C2A-4FAE-837F-69B193F3701E}"
EndProject
Project("{FAE04EC0-301F-11D3-BF4B-00C04F79EFBC}") = "L4d2ServerQuery.Tests", "L4d2ServerQuery.Tests\L4d2ServerQuery.Tests.csproj", "{35B53E25-268F-4BAD-A7AB-4692C9DC2DF0}"
EndProject
Global
	GlobalSection(SolutionConfigurationPlatforms) = preSolution
		Debug|Any CPU = Debug|Any CPU
		Release|Any CPU = Release|Any CPU
	EndGlobalSection
	GlobalSection(ProjectConfigurationPlatforms) = postSolution
		{797D2B9E-5C2A-4FAE-837F-69B193F3701E}.Debug|Any CPU.ActiveCfg = Debug|Any CPU
		{797D2B9E-5C2A-4FAE-837F-69B193F3701E}.Debug|Any CPU.Build.0 = Debug|Any CPU
		{797D2B9E-5C2A-4FAE-837F-69B193F3701E}.Release|Any CPU.ActiveCfg = Release|Any CPU
		{797D2B9E-5C2A-4FAE-837F-69B193F3701E}.Release|Any CPU.Build.0 = Release|Any CPU
		{35B53E25-268F-4BAD-A7AB-4692C9DC2DF0}.Debug|Any CPU.ActiveCfg = Debug|Any CPU
		{35B53E25-268F-4BAD-A7AB-4692C9DC2DF0}.Debug|Any CPU.Build.0 = Debug|Any CPU
		{35B53E25-268F-4BAD-A7AB-4692C9DC2DF0}.Release|Any CPU.ActiveCfg = Release|Any CPU
		{35B53E25-268F-4BAD-A7AB-4692C9DC2DF0}.Release|Any CPU.Build.0 = Release|Any CPU
	EndGlobalSection
EndGlobal
